
Microsoft Visual Studio Solution File, Format Version 12.00
# Visual Studio Version 17
VisualStudioVersion = 17.11.35312.102
MinimumVisualStudioVersion = 10.0.40219.1
Project("{FAE04EC0-301F-11D3-BF4B-00C04F79EFBC}") = "HomeWork04.1", "HomeWork04\HomeWork04.1.csproj", "{C698C0CB-E3DF-4516-912B-8375824AED6D}"
EndProject
Project("{FAE04EC0-301F-11D3-BF4B-00C04F79EFBC}") = "HomeWork04.2", "HomeWork04.2\HomeWork04.2.csproj", "{EC325486-EF84-4AD1-A714-B90C514085B3}"
EndProject
Global
	GlobalSection(SolutionConfigurationPlatforms) = preSolution
		Debug|Any CPU = Debug|Any CPU
		Release|Any CPU = Release|Any CPU
	EndGlobalSection
	GlobalSection(ProjectConfigurationPlatforms) = postSolution
		{C698C0CB-E3DF-4516-912B-8375824AED6D}.Debug|Any CPU.ActiveCfg = Debug|Any CPU
		{C698C0CB-E3DF-4516-912B-8375824AED6D}.Debug|Any CPU.Build.0 = Debug|Any CPU
		{C698C0CB-E3DF-4516-912B-8375824AED6D}.Release|Any CPU.ActiveCfg = Release|Any CPU
		{C698C0CB-E3DF-4516-912B-8375824AED6D}.Release|Any CPU.Build.0 = Release|Any CPU
		{EC325486-EF84-4AD1-A714-B90C514085B3}.Debug|Any CPU.ActiveCfg = Debug|Any CPU
		{EC325486-EF84-4AD1-A714-B90C514085B3}.Debug|Any CPU.Build.0 = Debug|Any CPU
		{EC325486-EF84-4AD1-A714-B90C514085B3}.Release|Any CPU.ActiveCfg = Release|Any CPU
		{EC325486-EF84-4AD1-A714-B90C514085B3}.Release|Any CPU.Build.0 = Release|Any CPU
	EndGlobalSection
	GlobalSection(SolutionProperties) = preSolution
		HideSolutionNode = FALSE
	EndGlobalSection
	GlobalSection(ExtensibilityGlobals) = postSolution
		SolutionGuid = {FEF07E89-9D8E-4577-9193-A48D19103BBA}
	EndGlobalSection
EndGlobal
